// !$*UTF8*$!
{
	archiveVersion = 1;
	classes = {
	};
	objectVersion = 46;
	objects = {

/* Begin PBXBuildFile section */
		380FFD0F20DE9732000B0CED /* NewColorViewController.swift in Sources */ = {isa = PBXBuildFile; fileRef = 380FFD0E20DE9732000B0CED /* NewColorViewController.swift */; };
		384CDA6520E9035500DA0210 /* ColorListViewController.swift in Sources */ = {isa = PBXBuildFile; fileRef = 384CDA6420E9035500DA0210 /* ColorListViewController.swift */; };
		384CDA6720E903A500DA0210 /* ProfileViewController.swift in Sources */ = {isa = PBXBuildFile; fileRef = 384CDA6620E903A500DA0210 /* ProfileViewController.swift */; };
		384CDA6920E9079900DA0210 /* OneColorViewController.swift in Sources */ = {isa = PBXBuildFile; fileRef = 384CDA6820E9079900DA0210 /* OneColorViewController.swift */; };
		387EDBC720DD5AE100ADF318 /* AppDelegate.swift in Sources */ = {isa = PBXBuildFile; fileRef = 387EDBC620DD5AE100ADF318 /* AppDelegate.swift */; };
		387EDBCE20DD5AE100ADF318 /* Main.storyboard in Resources */ = {isa = PBXBuildFile; fileRef = 387EDBCC20DD5AE100ADF318 /* Main.storyboard */; };
		387EDBD020DD5AE100ADF318 /* Assets.xcassets in Resources */ = {isa = PBXBuildFile; fileRef = 387EDBCF20DD5AE100ADF318 /* Assets.xcassets */; };
		387EDBD320DD5AE100ADF318 /* LaunchScreen.storyboard in Resources */ = {isa = PBXBuildFile; fileRef = 387EDBD120DD5AE100ADF318 /* LaunchScreen.storyboard */; };
		387EDBDB20DD5B2C00ADF318 /* VPColor.swift in Sources */ = {isa = PBXBuildFile; fileRef = 387EDBDA20DD5B2C00ADF318 /* VPColor.swift */; };
/* End PBXBuildFile section */

/* Begin PBXFileReference section */
		380FFD0E20DE9732000B0CED /* NewColorViewController.swift */ = {isa = PBXFileReference; fileEncoding = 4; lastKnownFileType = sourcecode.swift; path = NewColorViewController.swift; sourceTree = "<group>"; };
		384CDA6420E9035500DA0210 /* ColorListViewController.swift */ = {isa = PBXFileReference; fileEncoding = 4; lastKnownFileType = sourcecode.swift; path = ColorListViewController.swift; sourceTree = "<group>"; };
		384CDA6620E903A500DA0210 /* ProfileViewController.swift */ = {isa = PBXFileReference; fileEncoding = 4; lastKnownFileType = sourcecode.swift; path = ProfileViewController.swift; sourceTree = "<group>"; };
		384CDA6820E9079900DA0210 /* OneColorViewController.swift */ = {isa = PBXFileReference; fileEncoding = 4; lastKnownFileType = sourcecode.swift; path = OneColorViewController.swift; sourceTree = "<group>"; };
		387EDBC320DD5AE100ADF318 /* ColorPK.app */ = {isa = PBXFileReference; explicitFileType = wrapper.application; includeInIndex = 0; path = ColorPK.app; sourceTree = BUILT_PRODUCTS_DIR; };
		387EDBC620DD5AE100ADF318 /* AppDelegate.swift */ = {isa = PBXFileReference; lastKnownFileType = sourcecode.swift; path = AppDelegate.swift; sourceTree = "<group>"; };
		387EDBCD20DD5AE100ADF318 /* Base */ = {isa = PBXFileReference; lastKnownFileType = file.storyboard; name = Base; path = Base.lproj/Main.storyboard; sourceTree = "<group>"; };
		387EDBCF20DD5AE100ADF318 /* Assets.xcassets */ = {isa = PBXFileReference; lastKnownFileType = folder.assetcatalog; path = Assets.xcassets; sourceTree = "<group>"; };
		387EDBD220DD5AE100ADF318 /* Base */ = {isa = PBXFileReference; lastKnownFileType = file.storyboard; name = Base; path = Base.lproj/LaunchScreen.storyboard; sourceTree = "<group>"; };
		387EDBD420DD5AE100ADF318 /* Info.plist */ = {isa = PBXFileReference; lastKnownFileType = text.plist.xml; path = Info.plist; sourceTree = "<group>"; };
		387EDBDA20DD5B2C00ADF318 /* VPColor.swift */ = {isa = PBXFileReference; fileEncoding = 4; lastKnownFileType = sourcecode.swift; path = VPColor.swift; sourceTree = "<group>"; };
/* End PBXFileReference section */

/* Begin PBXFrameworksBuildPhase section */
		387EDBC020DD5AE100ADF318 /* Frameworks */ = {
			isa = PBXFrameworksBuildPhase;
			buildActionMask = 2147483647;
			files = (
			);
			runOnlyForDeploymentPostprocessing = 0;
		};
/* End PBXFrameworksBuildPhase section */

/* Begin PBXGroup section */
		387EDBBA20DD5AE100ADF318 = {
			isa = PBXGroup;
			children = (
				387EDBC520DD5AE100ADF318 /* ColorPK */,
				387EDBC420DD5AE100ADF318 /* Products */,
			);
			sourceTree = "<group>";
		};
		387EDBC420DD5AE100ADF318 /* Products */ = {
			isa = PBXGroup;
			children = (
				387EDBC320DD5AE100ADF318 /* ColorPK.app */,
			);
			name = Products;
			sourceTree = "<group>";
		};
		387EDBC520DD5AE100ADF318 /* ColorPK */ = {
			isa = PBXGroup;
			children = (
				387EDBC620DD5AE100ADF318 /* AppDelegate.swift */,
				387EDBCC20DD5AE100ADF318 /* Main.storyboard */,
				387EDBDA20DD5B2C00ADF318 /* VPColor.swift */,
				387EDBCF20DD5AE100ADF318 /* Assets.xcassets */,
				387EDBD120DD5AE100ADF318 /* LaunchScreen.storyboard */,
				387EDBD420DD5AE100ADF318 /* Info.plist */,
				384CDA6420E9035500DA0210 /* ColorListViewController.swift */,
				380FFD0E20DE9732000B0CED /* NewColorViewController.swift */,
				384CDA6620E903A500DA0210 /* ProfileViewController.swift */,
				384CDA6820E9079900DA0210 /* OneColorViewController.swift */,
			);
			path = ColorPK;
			sourceTree = "<group>";
		};
/* End PBXGroup section */

/* Begin PBXNativeTarget section */
		387EDBC220DD5AE100ADF318 /* ColorPK */ = {
			isa = PBXNativeTarget;
			buildConfigurationList = 387EDBD720DD5AE100ADF318 /* Build configuration list for PBXNativeTarget "ColorPK" */;
			buildPhases = (
				387EDBBF20DD5AE100ADF318 /* Sources */,
				387EDBC020DD5AE100ADF318 /* Frameworks */,
				387EDBC120DD5AE100ADF318 /* Resources */,
			);
			buildRules = (
			);
			dependencies = (
			);
			name = ColorPK;
			productName = ColorPK;
			productReference = 387EDBC320DD5AE100ADF318 /* ColorPK.app */;
			productType = "com.apple.product-type.application";
		};
/* End PBXNativeTarget section */

/* Begin PBXProject section */
		387EDBBB20DD5AE100ADF318 /* Project object */ = {
			isa = PBXProject;
			attributes = {
				LastSwiftUpdateCheck = 0820;
				LastUpgradeCheck = 0820;
				ORGANIZATIONNAME = "Zijian Guo";
				TargetAttributes = {
					387EDBC220DD5AE100ADF318 = {
						CreatedOnToolsVersion = 8.2.1;
						ProvisioningStyle = Automatic;
					};
				};
			};
			buildConfigurationList = 387EDBBE20DD5AE100ADF318 /* Build configuration list for PBXProject "ColorPK" */;
			compatibilityVersion = "Xcode 3.2";
			developmentRegion = English;
			hasScannedForEncodings = 0;
			knownRegions = (
				en,
				Base,
			);
			mainGroup = 387EDBBA20DD5AE100ADF318;
			productRefGroup = 387EDBC420DD5AE100ADF318 /* Products */;
			projectDirPath = "";
			projectRoot = "";
			targets = (
				387EDBC220DD5AE100ADF318 /* ColorPK */,
			);
		};
/* End PBXProject section */

/* Begin PBXResourcesBuildPhase section */
		387EDBC120DD5AE100ADF318 /* Resources */ = {
			isa = PBXResourcesBuildPhase;
			buildActionMask = 2147483647;
			files = (
				387EDBD320DD5AE100ADF318 /* LaunchScreen.storyboard in Resources */,
				387EDBD020DD5AE100ADF318 /* Assets.xcassets in Resources */,
				387EDBCE20DD5AE100ADF318 /* Main.storyboard in Resources */,
			);
			runOnlyForDeploymentPostprocessing = 0;
		};
/* End PBXResourcesBuildPhase section */

/* Begin PBXSourcesBuildPhase section */
		387EDBBF20DD5AE100ADF318 /* Sources */ = {
			isa = PBXSourcesBuildPhase;
			buildActionMask = 2147483647;
			files = (
				387EDBDB20DD5B2C00ADF318 /* VPColor.swift in Sources */,
				387EDBC720DD5AE100ADF318 /* AppDelegate.swift in Sources */,
				380FFD0F20DE9732000B0CED /* NewColorViewController.swift in Sources */,
				384CDA6920E9079900DA0210 /* OneColorViewController.swift in Sources */,
				384CDA6520E9035500DA0210 /* ColorListViewController.swift in Sources */,
				384CDA6720E903A500DA0210 /* ProfileViewController.swift in Sources */,
			);
			runOnlyForDeploymentPostprocessing = 0;
		};
/* End PBXSourcesBuildPhase section */

/* Begin PBXVariantGroup section */
		387EDBCC20DD5AE100ADF318 /* Main.storyboard */ = {
			isa = PBXVariantGroup;
			children = (
				387EDBCD20DD5AE100ADF318 /* Base */,
			);
			name = Main.storyboard;
			sourceTree = "<group>";
		};
		387EDBD120DD5AE100ADF318 /* LaunchScreen.storyboard */ = {
			isa = PBXVariantGroup;
			children = (
				387EDBD220DD5AE100ADF318 /* Base */,
			);
			name = LaunchScreen.storyboard;
			sourceTree = "<group>";
		};
/* End PBXVariantGroup section */

/* Begin XCBuildConfiguration section */
		387EDBD520DD5AE100ADF318 /* Debug */ = {
			isa = XCBuildConfiguration;
			buildSettings = {
				ALWAYS_SEARCH_USER_PATHS = NO;
				CLANG_ANALYZER_NONNULL = YES;
				CLANG_CXX_LANGUAGE_STANDARD = "gnu++0x";
				CLANG_CXX_LIBRARY = "libc++";
				CLANG_ENABLE_MODULES = YES;
				CLANG_ENABLE_OBJC_ARC = YES;
				CLANG_WARN_BOOL_CONVERSION = YES;
				CLANG_WARN_CONSTANT_CONVERSION = YES;
				CLANG_WARN_DIRECT_OBJC_ISA_USAGE = YES_ERROR;
				CLANG_WARN_DOCUMENTATION_COMMENTS = YES;
				CLANG_WARN_EMPTY_BODY = YES;
				CLANG_WARN_ENUM_CONVERSION = YES;
				CLANG_WARN_INFINITE_RECURSION = YES;
				CLANG_WARN_INT_CONVERSION = YES;
				CLANG_WARN_OBJC_ROOT_CLASS = YES_ERROR;
				CLANG_WARN_SUSPICIOUS_MOVE = YES;
				CLANG_WARN_UNREACHABLE_CODE = YES;
				CLANG_WARN__DUPLICATE_METHOD_MATCH = YES;
				"CODE_SIGN_IDENTITY[sdk=iphoneos*]" = "iPhone Developer";
				COPY_PHASE_STRIP = NO;
				DEBUG_INFORMATION_FORMAT = dwarf;
				ENABLE_STRICT_OBJC_MSGSEND = YES;
				ENABLE_TESTABILITY = YES;
				GCC_C_LANGUAGE_STANDARD = gnu99;
				GCC_DYNAMIC_NO_PIC = NO;
				GCC_NO_COMMON_BLOCKS = YES;
				GCC_OPTIMIZATION_LEVEL = 0;
				GCC_PREPROCESSOR_DEFINITIONS = (
					"DEBUG=1",
					"$(inherited)",
				);
				GCC_WARN_64_TO_32_BIT_CONVERSION = YES;
				GCC_WARN_ABOUT_RETURN_TYPE = YES_ERROR;
				GCC_WARN_UNDECLARED_SELECTOR = YES;
				GCC_WARN_UNINITIALIZED_AUTOS = YES_AGGRESSIVE;
				GCC_WARN_UNUSED_FUNCTION = YES;
				GCC_WARN_UNUSED_VARIABLE = YES;
				IPHONEOS_DEPLOYMENT_TARGET = 10.2;
				MTL_ENABLE_DEBUG_INFO = YES;
				ONLY_ACTIVE_ARCH = YES;
				SDKROOT = iphoneos;
				SWIFT_ACTIVE_COMPILATION_CONDITIONS = DEBUG;
				SWIFT_OPTIMIZATION_LEVEL = "-Onone";
				TARGETED_DEVICE_FAMILY = "1,2";
			};
			name = Debug;
		};
		387EDBD620DD5AE100ADF318 /* Release */ = {
			isa = XCBuildConfiguration;
			buildSettings = {
				ALWAYS_SEARCH_USER_PATHS = NO;
				CLANG_ANALYZER_NONNULL = YES;
				CLANG_CXX_LANGUAGE_STANDARD = "gnu++0x";
				CLANG_CXX_LIBRARY = "libc++";
				CLANG_ENABLE_MODULES = YES;
				CLANG_ENABLE_OBJC_ARC = YES;
				CLANG_WARN_BOOL_CONVERSION = YES;
				CLANG_WARN_CONSTANT_CONVERSION = YES;
				CLANG_WARN_DIRECT_OBJC_ISA_USAGE = YES_ERROR;
				CLANG_WARN_DOCUMENTATION_COMMENTS = YES;
				CLANG_WARN_EMPTY_BODY = YES;
				CLANG_WARN_ENUM_CONVERSION = YES;
				CLANG_WARN_INFINITE_RECURSION = YES;
				CLANG_WARN_INT_CONVERSION = YES;
				CLANG_WARN_OBJC_ROOT_CLASS = YES_ERROR;
				CLANG_WARN_SUSPICIOUS_MOVE = YES;
				CLANG_WARN_UNREACHABLE_CODE = YES;
				CLANG_WARN__DUPLICATE_METHOD_MATCH = YES;
				"CODE_SIGN_IDENTITY[sdk=iphoneos*]" = "iPhone Developer";
				COPY_PHASE_STRIP = NO;
				DEBUG_INFORMATION_FORMAT = "dwarf-with-dsym";
				ENABLE_NS_ASSERTIONS = NO;
				ENABLE_STRICT_OBJC_MSGSEND = YES;
				GCC_C_LANGUAGE_STANDARD = gnu99;
				GCC_NO_COMMON_BLOCKS = YES;
				GCC_WARN_64_TO_32_BIT_CONVERSION = YES;
				GCC_WARN_ABOUT_RETURN_TYPE = YES_ERROR;
				GCC_WARN_UNDECLARED_SELECTOR = YES;
				GCC_WARN_UNINITIALIZED_AUTOS = YES_AGGRESSIVE;
				GCC_WARN_UNUSED_FUNCTION = YES;
				GCC_WARN_UNUSED_VARIABLE = YES;
				IPHONEOS_DEPLOYMENT_TARGET = 10.2;
				MTL_ENABLE_DEBUG_INFO = NO;
				SDKROOT = iphoneos;
				SWIFT_OPTIMIZATION_LEVEL = "-Owholemodule";
				TARGETED_DEVICE_FAMILY = "1,2";
				VALIDATE_PRODUCT = YES;
			};
			name = Release;
		};
		387EDBD820DD5AE100ADF318 /* Debug */ = {
			isa = XCBuildConfiguration;
			buildSettings = {
				ASSETCATALOG_COMPILER_APPICON_NAME = AppIcon;
				INFOPLIST_FILE = ColorPK/Info.plist;
				LD_RUNPATH_SEARCH_PATHS = "$(inherited) @executable_path/Frameworks";
				PRODUCT_BUNDLE_IDENTIFIER = com.colorpk.ColorPK;
				PRODUCT_NAME = "$(TARGET_NAME)";
				SWIFT_VERSION = 3.0;
			};
			name = Debug;
		};
		387EDBD920DD5AE100ADF318 /* Release */ = {
			isa = XCBuildConfiguration;
			buildSettings = {
				ASSETCATALOG_COMPILER_APPICON_NAME = AppIcon;
				INFOPLIST_FILE = ColorPK/Info.plist;
				LD_RUNPATH_SEARCH_PATHS = "$(inherited) @executable_path/Frameworks";
				PRODUCT_BUNDLE_IDENTIFIER = com.colorpk.ColorPK;
				PRODUCT_NAME = "$(TARGET_NAME)";
				SWIFT_VERSION = 3.0;
			};
			name = Release;
		};
/* End XCBuildConfiguration section */

/* Begin XCConfigurationList section */
		387EDBBE20DD5AE100ADF318 /* Build configuration list for PBXProject "ColorPK" */ = {
			isa = XCConfigurationList;
			buildConfigurations = (
				387EDBD520DD5AE100ADF318 /* Debug */,
				387EDBD620DD5AE100ADF318 /* Release */,
			);
			defaultConfigurationIsVisible = 0;
			defaultConfigurationName = Release;
		};
		387EDBD720DD5AE100ADF318 /* Build configuration list for PBXNativeTarget "ColorPK" */ = {
			isa = XCConfigurationList;
			buildConfigurations = (
				387EDBD820DD5AE100ADF318 /* Debug */,
				387EDBD920DD5AE100ADF318 /* Release */,
			);
			defaultConfigurationIsVisible = 0;
			defaultConfigurationName = Release;
		};
/* End XCConfigurationList section */
	};
	rootObject = 387EDBBB20DD5AE100ADF318 /* Project object */;
}
